
Microsoft Visual Studio Solution File, Format Version 12.00
# Visual Studio Version 16
VisualStudioVersion = 16.0.32510.428
MinimumVisualStudioVersion = 10.0.40219.1
Project("{FAE04EC0-301F-11D3-BF4B-00C04F79EFBC}") = "Test", "Test\Test.csproj", "{126836C7-FD01-45F8-8D34-30493C210553}"
EndProject
Global
	GlobalSection(SolutionConfigurationPlatforms) = preSolution
		Debug|Any CPU = Debug|Any CPU
		Release|Any CPU = Release|Any CPU
	EndGlobalSection
	GlobalSection(ProjectConfigurationPlatforms) = postSolution
		{126836C7-FD01-45F8-8D34-30493C210553}.Debug|Any CPU.ActiveCfg = Debug|Any CPU
		{126836C7-FD01-45F8-8D34-30493C210553}.Debug|Any CPU.Build.0 = Debug|Any CPU
		{126836C7-FD01-45F8-8D34-30493C210553}.Release|Any CPU.ActiveCfg = Release|Any CPU
		{126836C7-FD01-45F8-8D34-30493C210553}.Release|Any CPU.Build.0 = Release|Any CPU
	EndGlobalSection
	GlobalSection(SolutionProperties) = preSolution
		HideSolutionNode = FALSE
	EndGlobalSection
	GlobalSection(ExtensibilityGlobals) = postSolution
		SolutionGuid = {8945E57B-EB35-4CA8-BC91-E7DAB7179FB7}
	EndGlobalSection
EndGlobal
