
Microsoft Visual Studio Solution File, Format Version 12.00
# Visual Studio Version 16
VisualStudioVersion = 16.0.32510.428
MinimumVisualStudioVersion = 10.0.40219.1
Project("{FAE04EC0-301F-11D3-BF4B-00C04F79EFBC}") = "Tinh Tong", "Tinh Tong\Tinh Tong.csproj", "{1821B005-E7DE-444F-B8D7-F876F9F88298}"
EndProject
Global
	GlobalSection(SolutionConfigurationPlatforms) = preSolution
		Debug|Any CPU = Debug|Any CPU
		Release|Any CPU = Release|Any CPU
	EndGlobalSection
	GlobalSection(ProjectConfigurationPlatforms) = postSolution
		{1821B005-E7DE-444F-B8D7-F876F9F88298}.Debug|Any CPU.ActiveCfg = Debug|Any CPU
		{1821B005-E7DE-444F-B8D7-F876F9F88298}.Debug|Any CPU.Build.0 = Debug|Any CPU
		{1821B005-E7DE-444F-B8D7-F876F9F88298}.Release|Any CPU.ActiveCfg = Release|Any CPU
		{1821B005-E7DE-444F-B8D7-F876F9F88298}.Release|Any CPU.Build.0 = Release|Any CPU
	EndGlobalSection
	GlobalSection(SolutionProperties) = preSolution
		HideSolutionNode = FALSE
	EndGlobalSection
	GlobalSection(ExtensibilityGlobals) = postSolution
		SolutionGuid = {7A3033FF-143E-48A7-9097-A2237642818C}
	EndGlobalSection
EndGlobal
