
Microsoft Visual Studio Solution File, Format Version 12.00
# Visual Studio Version 16
VisualStudioVersion = 16.0.32510.428
MinimumVisualStudioVersion = 10.0.40219.1
Project("{FAE04EC0-301F-11D3-BF4B-00C04F79EFBC}") = "Asyn_await", "Asyn_await\Asyn_await.csproj", "{808CC9C7-9BD8-41BA-A4A7-00D34E12798B}"
EndProject
Global
	GlobalSection(SolutionConfigurationPlatforms) = preSolution
		Debug|Any CPU = Debug|Any CPU
		Release|Any CPU = Release|Any CPU
	EndGlobalSection
	GlobalSection(ProjectConfigurationPlatforms) = postSolution
		{808CC9C7-9BD8-41BA-A4A7-00D34E12798B}.Debug|Any CPU.ActiveCfg = Debug|Any CPU
		{808CC9C7-9BD8-41BA-A4A7-00D34E12798B}.Debug|Any CPU.Build.0 = Debug|Any CPU
		{808CC9C7-9BD8-41BA-A4A7-00D34E12798B}.Release|Any CPU.ActiveCfg = Release|Any CPU
		{808CC9C7-9BD8-41BA-A4A7-00D34E12798B}.Release|Any CPU.Build.0 = Release|Any CPU
	EndGlobalSection
	GlobalSection(SolutionProperties) = preSolution
		HideSolutionNode = FALSE
	EndGlobalSection
	GlobalSection(ExtensibilityGlobals) = postSolution
		SolutionGuid = {221845E6-EBBC-4049-B19F-6BDCFFFDF68B}
	EndGlobalSection
EndGlobal
